
Microsoft Visual Studio Solution File, Format Version 12.00
# Visual Studio Version 16
VisualStudioVersion = 16.0.30621.155
MinimumVisualStudioVersion = 10.0.40219.1
Project("{2150E333-8FDC-42A3-9474-1A3956D46DE8}") = "CleanArch.Application", "CleanArch.Application", "{FD36C6AE-F3E6-4C3A-B243-2AB97E76BEA5}"
EndProject
Project("{2150E333-8FDC-42A3-9474-1A3956D46DE8}") = "CleanArch.Domain", "CleanArch.Domain", "{12935B3F-A27F-49E0-B3E4-EAE103306778}"
EndProject
Project("{2150E333-8FDC-42A3-9474-1A3956D46DE8}") = "CleanArch.Infra.Data", "CleanArch.Infra.Data", "{E077A32B-EBC9-4B07-84D0-AED15D7DD697}"
EndProject
Project("{2150E333-8FDC-42A3-9474-1A3956D46DE8}") = "CleanArch.Infra.IOC", "CleanArch.Infra.IOC", "{8046EC15-F9DA-4AFB-87C3-26282556EB3B}"
EndProject
Project("{2150E333-8FDC-42A3-9474-1A3956D46DE8}") = "CleanArch.UI.MVC", "CleanArch.UI.MVC", "{2229242B-F295-4191-9436-60055470D554}"
EndProject
Project("{FAE04EC0-301F-11D3-BF4B-00C04F79EFBC}") = "CleanArch.MVC", "CleanArch.MVC\CleanArch.MVC.csproj", "{407758CD-9336-41D2-A955-A0F1AD94192C}"
EndProject
Global
	GlobalSection(SolutionConfigurationPlatforms) = preSolution
		Debug|Any CPU = Debug|Any CPU
		Release|Any CPU = Release|Any CPU
	EndGlobalSection
	GlobalSection(ProjectConfigurationPlatforms) = postSolution
		{407758CD-9336-41D2-A955-A0F1AD94192C}.Debug|Any CPU.ActiveCfg = Debug|Any CPU
		{407758CD-9336-41D2-A955-A0F1AD94192C}.Debug|Any CPU.Build.0 = Debug|Any CPU
		{407758CD-9336-41D2-A955-A0F1AD94192C}.Release|Any CPU.ActiveCfg = Release|Any CPU
		{407758CD-9336-41D2-A955-A0F1AD94192C}.Release|Any CPU.Build.0 = Release|Any CPU
	EndGlobalSection
	GlobalSection(SolutionProperties) = preSolution
		HideSolutionNode = FALSE
	EndGlobalSection
	GlobalSection(NestedProjects) = preSolution
		{407758CD-9336-41D2-A955-A0F1AD94192C} = {2229242B-F295-4191-9436-60055470D554}
	EndGlobalSection
	GlobalSection(ExtensibilityGlobals) = postSolution
		SolutionGuid = {6FB3043D-1496-4DA0-8C4E-94E8CFF88B25}
	EndGlobalSection
EndGlobal
