
Microsoft Visual Studio Solution File, Format Version 12.00
# Visual Studio Version 16
VisualStudioVersion = 16.0.30621.155
MinimumVisualStudioVersion = 10.0.40219.1
Project("{2150E333-8FDC-42A3-9474-1A3956D46DE8}") = "Application", "Application", "{FD36C6AE-F3E6-4C3A-B243-2AB97E76BEA5}"
EndProject
Project("{2150E333-8FDC-42A3-9474-1A3956D46DE8}") = "Domain", "Domain", "{12935B3F-A27F-49E0-B3E4-EAE103306778}"
EndProject
Project("{2150E333-8FDC-42A3-9474-1A3956D46DE8}") = "Infra.Data", "Infra.Data", "{E077A32B-EBC9-4B07-84D0-AED15D7DD697}"
EndProject
Project("{2150E333-8FDC-42A3-9474-1A3956D46DE8}") = "Infra.IOC", "Infra.IOC", "{8046EC15-F9DA-4AFB-87C3-26282556EB3B}"
EndProject
Project("{2150E333-8FDC-42A3-9474-1A3956D46DE8}") = "Presentation", "Presentation", "{2229242B-F295-4191-9436-60055470D554}"
EndProject
Project("{9A19103F-16F7-4668-BE54-9A1E7A4F7556}") = "CleanArch.MVC", "CleanArch.MVC\CleanArch.MVC.csproj", "{407758CD-9336-41D2-A955-A0F1AD94192C}"
EndProject
Project("{FAE04EC0-301F-11D3-BF4B-00C04F79EFBC}") = "CleanArch.Domain", "CleanArch.Domain\CleanArch.Domain.csproj", "{7A329FC2-2FA4-4452-B322-D3BE1C0D881D}"
EndProject
Global
	GlobalSection(SolutionConfigurationPlatforms) = preSolution
		Debug|Any CPU = Debug|Any CPU
		Release|Any CPU = Release|Any CPU
	EndGlobalSection
	GlobalSection(ProjectConfigurationPlatforms) = postSolution
		{407758CD-9336-41D2-A955-A0F1AD94192C}.Debug|Any CPU.ActiveCfg = Debug|Any CPU
		{407758CD-9336-41D2-A955-A0F1AD94192C}.Debug|Any CPU.Build.0 = Debug|Any CPU
		{407758CD-9336-41D2-A955-A0F1AD94192C}.Release|Any CPU.ActiveCfg = Release|Any CPU
		{407758CD-9336-41D2-A955-A0F1AD94192C}.Release|Any CPU.Build.0 = Release|Any CPU
		{7A329FC2-2FA4-4452-B322-D3BE1C0D881D}.Debug|Any CPU.ActiveCfg = Debug|Any CPU
		{7A329FC2-2FA4-4452-B322-D3BE1C0D881D}.Debug|Any CPU.Build.0 = Debug|Any CPU
		{7A329FC2-2FA4-4452-B322-D3BE1C0D881D}.Release|Any CPU.ActiveCfg = Release|Any CPU
		{7A329FC2-2FA4-4452-B322-D3BE1C0D881D}.Release|Any CPU.Build.0 = Release|Any CPU
	EndGlobalSection
	GlobalSection(SolutionProperties) = preSolution
		HideSolutionNode = FALSE
	EndGlobalSection
	GlobalSection(NestedProjects) = preSolution
		{407758CD-9336-41D2-A955-A0F1AD94192C} = {2229242B-F295-4191-9436-60055470D554}
		{7A329FC2-2FA4-4452-B322-D3BE1C0D881D} = {12935B3F-A27F-49E0-B3E4-EAE103306778}
	EndGlobalSection
	GlobalSection(ExtensibilityGlobals) = postSolution
		SolutionGuid = {6FB3043D-1496-4DA0-8C4E-94E8CFF88B25}
	EndGlobalSection
EndGlobal
